
Microsoft Visual Studio Solution File, Format Version 12.00
# Visual Studio 2012
Project("{FAE04EC0-301F-11D3-BF4B-00C04F79EFBC}") = "ItalieNieuw", "ItalieNieuw\ItalieNieuw.csproj", "{2F757D4A-576A-4447-BB4E-0D5A7F5969CF}"
EndProject
Global
	GlobalSection(SolutionConfigurationPlatforms) = preSolution
		Debug|Any CPU = Debug|Any CPU
		Release|Any CPU = Release|Any CPU
	EndGlobalSection
	GlobalSection(ProjectConfigurationPlatforms) = postSolution
		{2F757D4A-576A-4447-BB4E-0D5A7F5969CF}.Debug|Any CPU.ActiveCfg = Debug|Any CPU
		{2F757D4A-576A-4447-BB4E-0D5A7F5969CF}.Debug|Any CPU.Build.0 = Debug|Any CPU
		{2F757D4A-576A-4447-BB4E-0D5A7F5969CF}.Release|Any CPU.ActiveCfg = Release|Any CPU
		{2F757D4A-576A-4447-BB4E-0D5A7F5969CF}.Release|Any CPU.Build.0 = Release|Any CPU
	EndGlobalSection
	GlobalSection(SolutionProperties) = preSolution
		HideSolutionNode = FALSE
	EndGlobalSection
EndGlobal
